
Microsoft Visual Studio Solution File, Format Version 12.00
# Visual Studio Version 17
VisualStudioVersion = 17.4.33103.184
MinimumVisualStudioVersion = 10.0.40219.1
Project("{FAE04EC0-301F-11D3-BF4B-00C04F79EFBC}") = "CSharpMultipleTasks", "CSharpMultipleTasks\CSharpMultipleTasks.csproj", "{4FEF34E0-AA84-40CF-8C1E-22D7D63C8A35}"
EndProject
Global
	GlobalSection(SolutionConfigurationPlatforms) = preSolution
		Debug|Any CPU = Debug|Any CPU
		Release|Any CPU = Release|Any CPU
	EndGlobalSection
	GlobalSection(ProjectConfigurationPlatforms) = postSolution
		{4FEF34E0-AA84-40CF-8C1E-22D7D63C8A35}.Debug|Any CPU.ActiveCfg = Debug|Any CPU
		{4FEF34E0-AA84-40CF-8C1E-22D7D63C8A35}.Debug|Any CPU.Build.0 = Debug|Any CPU
		{4FEF34E0-AA84-40CF-8C1E-22D7D63C8A35}.Release|Any CPU.ActiveCfg = Release|Any CPU
		{4FEF34E0-AA84-40CF-8C1E-22D7D63C8A35}.Release|Any CPU.Build.0 = Release|Any CPU
	EndGlobalSection
	GlobalSection(SolutionProperties) = preSolution
		HideSolutionNode = FALSE
	EndGlobalSection
	GlobalSection(ExtensibilityGlobals) = postSolution
		SolutionGuid = {D573235A-5C9A-4671-BAB3-00086E776822}
	EndGlobalSection
EndGlobal
